
Microsoft Visual Studio Solution File, Format Version 12.00
# Visual Studio Version 16
VisualStudioVersion = 16.0.30413.136
MinimumVisualStudioVersion = 10.0.40219.1
Project("{FAE04EC0-301F-11D3-BF4B-00C04F79EFBC}") = "WindowsNote", "WindowsNote\WindowsNote.csproj", "{BE82D554-1BCD-4E51-A7D9-F3644425676F}"
EndProject
Global
	GlobalSection(SolutionConfigurationPlatforms) = preSolution
		Debug|Any CPU = Debug|Any CPU
		Release|Any CPU = Release|Any CPU
	EndGlobalSection
	GlobalSection(ProjectConfigurationPlatforms) = postSolution
		{BE82D554-1BCD-4E51-A7D9-F3644425676F}.Debug|Any CPU.ActiveCfg = Debug|Any CPU
		{BE82D554-1BCD-4E51-A7D9-F3644425676F}.Debug|Any CPU.Build.0 = Debug|Any CPU
		{BE82D554-1BCD-4E51-A7D9-F3644425676F}.Release|Any CPU.ActiveCfg = Release|Any CPU
		{BE82D554-1BCD-4E51-A7D9-F3644425676F}.Release|Any CPU.Build.0 = Release|Any CPU
	EndGlobalSection
	GlobalSection(SolutionProperties) = preSolution
		HideSolutionNode = FALSE
	EndGlobalSection
	GlobalSection(ExtensibilityGlobals) = postSolution
		SolutionGuid = {97CE45B4-338A-479D-A7C0-F1D611376DC8}
	EndGlobalSection
EndGlobal
